
Microsoft Visual Studio Solution File, Format Version 12.00
# Visual Studio Version 17
VisualStudioVersion = 17.11.35208.52
MinimumVisualStudioVersion = 10.0.40219.1
Project("{FAE04EC0-301F-11D3-BF4B-00C04F79EFBC}") = "SNT_PDF_Editor", "SNT_PDF_Editor\SNT_PDF_Editor.csproj", "{37904D7E-C13E-4B66-A7F9-6E52CE48F672}"
EndProject
Project("{54435603-DBB4-11D2-8724-00A0C9A8B90C}") = "SNT_PDF_Setup", "SNT_PDF_Setup\SNT_PDF_Setup.vdproj", "{9BD6465B-2646-402A-981A-B40C441E62EB}"
EndProject
Global
	GlobalSection(SolutionConfigurationPlatforms) = preSolution
		Debug|Any CPU = Debug|Any CPU
		Debug|Mixed Platforms = Debug|Mixed Platforms
		Debug|x86 = Debug|x86
		Release|Any CPU = Release|Any CPU
		Release|Mixed Platforms = Release|Mixed Platforms
		Release|x86 = Release|x86
	EndGlobalSection
	GlobalSection(ProjectConfigurationPlatforms) = postSolution
		{37904D7E-C13E-4B66-A7F9-6E52CE48F672}.Debug|Any CPU.ActiveCfg = Debug|x86
		{37904D7E-C13E-4B66-A7F9-6E52CE48F672}.Debug|Mixed Platforms.ActiveCfg = Debug|x86
		{37904D7E-C13E-4B66-A7F9-6E52CE48F672}.Debug|Mixed Platforms.Build.0 = Debug|x86
		{37904D7E-C13E-4B66-A7F9-6E52CE48F672}.Debug|x86.ActiveCfg = Debug|x86
		{37904D7E-C13E-4B66-A7F9-6E52CE48F672}.Debug|x86.Build.0 = Debug|x86
		{37904D7E-C13E-4B66-A7F9-6E52CE48F672}.Release|Any CPU.ActiveCfg = Release|x86
		{37904D7E-C13E-4B66-A7F9-6E52CE48F672}.Release|Mixed Platforms.ActiveCfg = Release|x86
		{37904D7E-C13E-4B66-A7F9-6E52CE48F672}.Release|Mixed Platforms.Build.0 = Release|x86
		{37904D7E-C13E-4B66-A7F9-6E52CE48F672}.Release|x86.ActiveCfg = Release|x86
		{37904D7E-C13E-4B66-A7F9-6E52CE48F672}.Release|x86.Build.0 = Release|x86
		{9BD6465B-2646-402A-981A-B40C441E62EB}.Debug|Any CPU.ActiveCfg = Debug
		{9BD6465B-2646-402A-981A-B40C441E62EB}.Debug|Mixed Platforms.ActiveCfg = Debug
		{9BD6465B-2646-402A-981A-B40C441E62EB}.Debug|x86.ActiveCfg = Debug
		{9BD6465B-2646-402A-981A-B40C441E62EB}.Release|Any CPU.ActiveCfg = Release
		{9BD6465B-2646-402A-981A-B40C441E62EB}.Release|Mixed Platforms.ActiveCfg = Release
		{9BD6465B-2646-402A-981A-B40C441E62EB}.Release|x86.ActiveCfg = Release
	EndGlobalSection
	GlobalSection(SolutionProperties) = preSolution
		HideSolutionNode = FALSE
	EndGlobalSection
EndGlobal
